
Microsoft Visual Studio Solution File, Format Version 12.00
# Visual Studio 15
VisualStudioVersion = 15.0.27703.2018
MinimumVisualStudioVersion = 10.0.40219.1
Project("{FAE04EC0-301F-11D3-BF4B-00C04F79EFBC}") = "IncomeCalculator", "IncomeCalculator.csproj", "{38F67438-E4CB-41AC-8520-06D89CB2BD38}"
EndProject
Project("{FAE04EC0-301F-11D3-BF4B-00C04F79EFBC}") = "IncomeCalculatorTest", "IncomeCalculatorTest\IncomeCalculatorTest.csproj", "{92E9D9F7-43CD-4142-A35D-66D95CAF8918}"
EndProject
Global
	GlobalSection(SolutionConfigurationPlatforms) = preSolution
		Debug|Any CPU = Debug|Any CPU
		Release|Any CPU = Release|Any CPU
	EndGlobalSection
	GlobalSection(ProjectConfigurationPlatforms) = postSolution
		{38F67438-E4CB-41AC-8520-06D89CB2BD38}.Debug|Any CPU.ActiveCfg = Debug|Any CPU
		{38F67438-E4CB-41AC-8520-06D89CB2BD38}.Debug|Any CPU.Build.0 = Debug|Any CPU
		{38F67438-E4CB-41AC-8520-06D89CB2BD38}.Release|Any CPU.ActiveCfg = Release|Any CPU
		{38F67438-E4CB-41AC-8520-06D89CB2BD38}.Release|Any CPU.Build.0 = Release|Any CPU
		{92E9D9F7-43CD-4142-A35D-66D95CAF8918}.Debug|Any CPU.ActiveCfg = Debug|Any CPU
		{92E9D9F7-43CD-4142-A35D-66D95CAF8918}.Debug|Any CPU.Build.0 = Debug|Any CPU
		{92E9D9F7-43CD-4142-A35D-66D95CAF8918}.Release|Any CPU.ActiveCfg = Release|Any CPU
		{92E9D9F7-43CD-4142-A35D-66D95CAF8918}.Release|Any CPU.Build.0 = Release|Any CPU
	EndGlobalSection
	GlobalSection(SolutionProperties) = preSolution
		HideSolutionNode = FALSE
	EndGlobalSection
	GlobalSection(ExtensibilityGlobals) = postSolution
		SolutionGuid = {E9A56021-89CA-46DC-8FC9-79FB8EEA4054}
	EndGlobalSection
EndGlobal
